hash: ab31fc50f197e1ec360161cae1aa3b0d9fda3d6cd9f3050eef747e047e86b9c3
updated: 2017-04-10T08:46:06.412192941+02:00
imports:
- name: bazil.org/fuse
  version: 6d13d4d566acc9ec77aed2bb457074d728d9128a
  subpackages:
  - fs
  - fs/fstestutil
  - fuseutil
- name: github.com/jtolds/gls
  version: 9a4a02dbe491bef4bab3c24fd9f3087d6c4c6690
- name: github.com/kortschak/zalgo
  version: 8c91a4a457cf5b7abdd741f1ee7f73b68a3a8212
- name: github.com/mgutz/ansi
  version: c286dcecd19ff979eeb73ea444e479b903f2cfcb
- name: github.com/smartystreets/assertions
  version: 01fedaa993c0a9f9aa55111501cd7c81a49e812e
  subpackages:
  - internal/oglematchers
- name: github.com/smartystreets/goconvey
  version: 5bb9e117a1a4f1a1555a4d41cd233c79b1a5209f
  subpackages:
  - convey
  - convey/gotest
  - convey/reporting
- name: github.com/urfave/cli
  version: 8ba6f23b6e36d03666a14bd9421f5e3efcb59aca
- name: golang.org/x/crypto
  version: c8b9e6388ef638d5a8a9d865c634befdc46a6784
  subpackages:
  - ssh/terminal
- name: golang.org/x/net
  version: 4f2fc6c1e69d41baf187332ee08fbd2b296f21ed
  subpackages:
  - context
  - html
  - html/atom
testImports: []
